// !$*UTF8*$!
{
	archiveVersion = 1;
	classes = {
	};
	objectVersion = 50;
	objects = {

/* Begin PBXBuildFile section */
		34F04C7820B6A71400FA8600 /* AppDelegate.swift in Sources */ = {isa = PBXBuildFile; fileRef = 34F04C7720B6A71400FA8600 /* AppDelegate.swift */; };
		34F04C7A20B6A71400FA8600 /* ViewController.swift in Sources */ = {isa = PBXBuildFile; fileRef = 34F04C7920B6A71400FA8600 /* ViewController.swift */; };
		34F04C7D20B6A71400FA8600 /* Main.storyboard in Resources */ = {isa = PBXBuildFile; fileRef = 34F04C7B20B6A71400FA8600 /* Main.storyboard */; };
		34F04C7F20B6A71500FA8600 /* Assets.xcassets in Resources */ = {isa = PBXBuildFile; fileRef = 34F04C7E20B6A71500FA8600 /* Assets.xcassets */; };
		34F04C8220B6A71500FA8600 /* LaunchScreen.storyboard in Resources */ = {isa = PBXBuildFile; fileRef = 34F04C8020B6A71500FA8600 /* LaunchScreen.storyboard */; };
		34F04C8D20B6A71500FA8600 /* cesTests.swift in Sources */ = {isa = PBXBuildFile; fileRef = 34F04C8C20B6A71500FA8600 /* cesTests.swift */; };
		34F04C9820B6A71500FA8600 /* cesUITests.swift in Sources */ = {isa = PBXBuildFile; fileRef = 34F04C9720B6A71500FA8600 /* cesUITests.swift */; };
		34F04CA620B6A99900FA8600 /* fffsfsff.swift in Sources */ = {isa = PBXBuildFile; fileRef = 34F04CA520B6A99900FA8600 /* fffsfsff.swift */; };
		34F04CA920B6B5BF00FA8600 /* type.gif in Resources */ = {isa = PBXBuildFile; fileRef = 34F04CA820B6B5BF00FA8600 /* type.gif */; };
/* End PBXBuildFile section */

/* Begin PBXContainerItemProxy section */
		34F04C8920B6A71500FA8600 /* PBXContainerItemProxy */ = {
			isa = PBXContainerItemProxy;
			containerPortal = 34F04C6C20B6A71400FA8600 /* Project object */;
			proxyType = 1;
			remoteGlobalIDString = 34F04C7320B6A71400FA8600;
			remoteInfo = ces;
		};
		34F04C9420B6A71500FA8600 /* PBXContainerItemProxy */ = {
			isa = PBXContainerItemProxy;
			containerPortal = 34F04C6C20B6A71400FA8600 /* Project object */;
			proxyType = 1;
			remoteGlobalIDString = 34F04C7320B6A71400FA8600;
			remoteInfo = ces;
		};
/* End PBXContainerItemProxy section */

/* Begin PBXFileReference section */
		34F04C7420B6A71400FA8600 /* ces.app */ = {isa = PBXFileReference; explicitFileType = wrapper.application; includeInIndex = 0; path = ces.app; sourceTree = BUILT_PRODUCTS_DIR; };
		34F04C7720B6A71400FA8600 /* AppDelegate.swift */ = {isa = PBXFileReference; lastKnownFileType = sourcecode.swift; path = AppDelegate.swift; sourceTree = "<group>"; };
		34F04C7920B6A71400FA8600 /* ViewController.swift */ = {isa = PBXFileReference; lastKnownFileType = sourcecode.swift; path = ViewController.swift; sourceTree = "<group>"; };
		34F04C7C20B6A71400FA8600 /* Base */ = {isa = PBXFileReference; lastKnownFileType = file.storyboard; name = Base; path = Base.lproj/Main.storyboard; sourceTree = "<group>"; };
		34F04C7E20B6A71500FA8600 /* Assets.xcassets */ = {isa = PBXFileReference; lastKnownFileType = folder.assetcatalog; path = Assets.xcassets; sourceTree = "<group>"; };
		34F04C8120B6A71500FA8600 /* Base */ = {isa = PBXFileReference; lastKnownFileType = file.storyboard; name = Base; path = Base.lproj/LaunchScreen.storyboard; sourceTree = "<group>"; };
		34F04C8320B6A71500FA8600 /* Info.plist */ = {isa = PBXFileReference; lastKnownFileType = text.plist.xml; path = Info.plist; sourceTree = "<group>"; };
		34F04C8820B6A71500FA8600 /* cesTests.xctest */ = {isa = PBXFileReference; explicitFileType = wrapper.cfbundle; includeInIndex = 0; path = cesTests.xctest; sourceTree = BUILT_PRODUCTS_DIR; };
		34F04C8C20B6A71500FA8600 /* cesTests.swift */ = {isa = PBXFileReference; lastKnownFileType = sourcecode.swift; path = cesTests.swift; sourceTree = "<group>"; };
		34F04C8E20B6A71500FA8600 /* Info.plist */ = {isa = PBXFileReference; lastKnownFileType = text.plist.xml; path = Info.plist; sourceTree = "<group>"; };
		34F04C9320B6A71500FA8600 /* cesUITests.xctest */ = {isa = PBXFileReference; explicitFileType = wrapper.cfbundle; includeInIndex = 0; path = cesUITests.xctest; sourceTree = BUILT_PRODUCTS_DIR; };
		34F04C9720B6A71500FA8600 /* cesUITests.swift */ = {isa = PBXFileReference; lastKnownFileType = sourcecode.swift; path = cesUITests.swift; sourceTree = "<group>"; };
		34F04C9920B6A71500FA8600 /* Info.plist */ = {isa = PBXFileReference; lastKnownFileType = text.plist.xml; path = Info.plist; sourceTree = "<group>"; };
		34F04CA520B6A99900FA8600 /* fffsfsff.swift */ = {isa = PBXFileReference; lastKnownFileType = sourcecode.swift; path = fffsfsff.swift; sourceTree = "<group>"; };
		34F04CA820B6B5BF00FA8600 /* type.gif */ = {isa = PBXFileReference; lastKnownFileType = image.gif; path = type.gif; sourceTree = "<group>"; };
/* End PBXFileReference section */

/* Begin PBXFrameworksBuildPhase section */
		34F04C7120B6A71400FA8600 /* Frameworks */ = {
			isa = PBXFrameworksBuildPhase;
			buildActionMask = 2147483647;
			files = (
			);
			runOnlyForDeploymentPostprocessing = 0;
		};
		34F04C8520B6A71500FA8600 /* Frameworks */ = {
			isa = PBXFrameworksBuildPhase;
			buildActionMask = 2147483647;
			files = (
			);
			runOnlyForDeploymentPostprocessing = 0;
		};
		34F04C9020B6A71500FA8600 /* Frameworks */ = {
			isa = PBXFrameworksBuildPhase;
			buildActionMask = 2147483647;
			files = (
			);
			runOnlyForDeploymentPostprocessing = 0;
		};
/* End PBXFrameworksBuildPhase section */

/* Begin PBXGroup section */
		34F04C6B20B6A71400FA8600 = {
			isa = PBXGroup;
			children = (
				34F04C7620B6A71400FA8600 /* ces */,
				34F04C8B20B6A71500FA8600 /* cesTests */,
				34F04C9620B6A71500FA8600 /* cesUITests */,
				34F04C7520B6A71400FA8600 /* Products */,
			);
			sourceTree = "<group>";
		};
		34F04C7520B6A71400FA8600 /* Products */ = {
			isa = PBXGroup;
			children = (
				34F04C7420B6A71400FA8600 /* ces.app */,
				34F04C8820B6A71500FA8600 /* cesTests.xctest */,
				34F04C9320B6A71500FA8600 /* cesUITests.xctest */,
			);
			name = Products;
			sourceTree = "<group>";
		};
		34F04C7620B6A71400FA8600 /* ces */ = {
			isa = PBXGroup;
			children = (
				34F04CA720B6B5BF00FA8600 /* gif */,
				34F04C7720B6A71400FA8600 /* AppDelegate.swift */,
				34F04C7920B6A71400FA8600 /* ViewController.swift */,
				34F04CA520B6A99900FA8600 /* fffsfsff.swift */,
				34F04C7B20B6A71400FA8600 /* Main.storyboard */,
				34F04C7E20B6A71500FA8600 /* Assets.xcassets */,
				34F04C8020B6A71500FA8600 /* LaunchScreen.storyboard */,
				34F04C8320B6A71500FA8600 /* Info.plist */,
			);
			path = ces;
			sourceTree = "<group>";
		};
		34F04C8B20B6A71500FA8600 /* cesTests */ = {
			isa = PBXGroup;
			children = (
				34F04C8C20B6A71500FA8600 /* cesTests.swift */,
				34F04C8E20B6A71500FA8600 /* Info.plist */,
			);
			path = cesTests;
			sourceTree = "<group>";
		};
		34F04C9620B6A71500FA8600 /* cesUITests */ = {
			isa = PBXGroup;
			children = (
				34F04C9720B6A71500FA8600 /* cesUITests.swift */,
				34F04C9920B6A71500FA8600 /* Info.plist */,
			);
			path = cesUITests;
			sourceTree = "<group>";
		};
		34F04CA720B6B5BF00FA8600 /* gif */ = {
			isa = PBXGroup;
			children = (
				34F04CA820B6B5BF00FA8600 /* type.gif */,
			);
			path = gif;
			sourceTree = SOURCE_ROOT;
		};
/* End PBXGroup section */

/* Begin PBXNativeTarget section */
		34F04C7320B6A71400FA8600 /* ces */ = {
			isa = PBXNativeTarget;
			buildConfigurationList = 34F04C9C20B6A71500FA8600 /* Build configuration list for PBXNativeTarget "ces" */;
			buildPhases = (
				34F04C7020B6A71400FA8600 /* Sources */,
				34F04C7120B6A71400FA8600 /* Frameworks */,
				34F04C7220B6A71400FA8600 /* Resources */,
			);
			buildRules = (
			);
			dependencies = (
			);
			name = ces;
			productName = ces;
			productReference = 34F04C7420B6A71400FA8600 /* ces.app */;
			productType = "com.apple.product-type.application";
		};
		34F04C8720B6A71500FA8600 /* cesTests */ = {
			isa = PBXNativeTarget;
			buildConfigurationList = 34F04C9F20B6A71500FA8600 /* Build configuration list for PBXNativeTarget "cesTests" */;
			buildPhases = (
				34F04C8420B6A71500FA8600 /* Sources */,
				34F04C8520B6A71500FA8600 /* Frameworks */,
				34F04C8620B6A71500FA8600 /* Resources */,
			);
			buildRules = (
			);
			dependencies = (
				34F04C8A20B6A71500FA8600 /* PBXTargetDependency */,
			);
			name = cesTests;
			productName = cesTests;
			productReference = 34F04C8820B6A71500FA8600 /* cesTests.xctest */;
			productType = "com.apple.product-type.bundle.unit-test";
		};
		34F04C9220B6A71500FA8600 /* cesUITests */ = {
			isa = PBXNativeTarget;
			buildConfigurationList = 34F04CA220B6A71500FA8600 /* Build configuration list for PBXNativeTarget "cesUITests" */;
			buildPhases = (
				34F04C8F20B6A71500FA8600 /* Sources */,
				34F04C9020B6A71500FA8600 /* Frameworks */,
				34F04C9120B6A71500FA8600 /* Resources */,
			);
			buildRules = (
			);
			dependencies = (
				34F04C9520B6A71500FA8600 /* PBXTargetDependency */,
			);
			name = cesUITests;
			productName = cesUITests;
			productReference = 34F04C9320B6A71500FA8600 /* cesUITests.xctest */;
			productType = "com.apple.product-type.bundle.ui-testing";
		};
/* End PBXNativeTarget section */

/* Begin PBXProject section */
		34F04C6C20B6A71400FA8600 /* Project object */ = {
			isa = PBXProject;
			attributes = {
				LastSwiftUpdateCheck = 0930;
				LastUpgradeCheck = 0930;
				ORGANIZATIONNAME = LanPin;
				TargetAttributes = {
					34F04C7320B6A71400FA8600 = {
						CreatedOnToolsVersion = 9.3;
					};
					34F04C8720B6A71500FA8600 = {
						CreatedOnToolsVersion = 9.3;
						TestTargetID = 34F04C7320B6A71400FA8600;
					};
					34F04C9220B6A71500FA8600 = {
						CreatedOnToolsVersion = 9.3;
						TestTargetID = 34F04C7320B6A71400FA8600;
					};
				};
			};
			buildConfigurationList = 34F04C6F20B6A71400FA8600 /* Build configuration list for PBXProject "ces" */;
			compatibilityVersion = "Xcode 9.3";
			developmentRegion = en;
			hasScannedForEncodings = 0;
			knownRegions = (
				en,
				Base,
			);
			mainGroup = 34F04C6B20B6A71400FA8600;
			productRefGroup = 34F04C7520B6A71400FA8600 /* Products */;
			projectDirPath = "";
			projectRoot = "";
			targets = (
				34F04C7320B6A71400FA8600 /* ces */,
				34F04C8720B6A71500FA8600 /* cesTests */,
				34F04C9220B6A71500FA8600 /* cesUITests */,
			);
		};
/* End PBXProject section */

/* Begin PBXResourcesBuildPhase section */
		34F04C7220B6A71400FA8600 /* Resources */ = {
			isa = PBXResourcesBuildPhase;
			buildActionMask = 2147483647;
			files = (
				34F04C8220B6A71500FA8600 /* LaunchScreen.storyboard in Resources */,
				34F04C7F20B6A71500FA8600 /* Assets.xcassets in Resources */,
				34F04CA920B6B5BF00FA8600 /* type.gif in Resources */,
				34F04C7D20B6A71400FA8600 /* Main.storyboard in Resources */,
			);
			runOnlyForDeploymentPostprocessing = 0;
		};
		34F04C8620B6A71500FA8600 /* Resources */ = {
			isa = PBXResourcesBuildPhase;
			buildActionMask = 2147483647;
			files = (
			);
			runOnlyForDeploymentPostprocessing = 0;
		};
		34F04C9120B6A71500FA8600 /* Resources */ = {
			isa = PBXResourcesBuildPhase;
			buildActionMask = 2147483647;
			files = (
			);
			runOnlyForDeploymentPostprocessing = 0;
		};
/* End PBXResourcesBuildPhase section */

/* Begin PBXSourcesBuildPhase section */
		34F04C7020B6A71400FA8600 /* Sources */ = {
			isa = PBXSourcesBuildPhase;
			buildActionMask = 2147483647;
			files = (
				34F04C7A20B6A71400FA8600 /* ViewController.swift in Sources */,
				34F04CA620B6A99900FA8600 /* fffsfsff.swift in Sources */,
				34F04C7820B6A71400FA8600 /* AppDelegate.swift in Sources */,
			);
			runOnlyForDeploymentPostprocessing = 0;
		};
		34F04C8420B6A71500FA8600 /* Sources */ = {
			isa = PBXSourcesBuildPhase;
			buildActionMask = 2147483647;
			files = (
				34F04C8D20B6A71500FA8600 /* cesTests.swift in Sources */,
			);
			runOnlyForDeploymentPostprocessing = 0;
		};
		34F04C8F20B6A71500FA8600 /* Sources */ = {
			isa = PBXSourcesBuildPhase;
			buildActionMask = 2147483647;
			files = (
				34F04C9820B6A71500FA8600 /* cesUITests.swift in Sources */,
			);
			runOnlyForDeploymentPostprocessing = 0;
		};
/* End PBXSourcesBuildPhase section */

/* Begin PBXTargetDependency section */
		34F04C8A20B6A71500FA8600 /* PBXTargetDependency */ = {
			isa = PBXTargetDependency;
			target = 34F04C7320B6A71400FA8600 /* ces */;
			targetProxy = 34F04C8920B6A71500FA8600 /* PBXContainerItemProxy */;
		};
		34F04C9520B6A71500FA8600 /* PBXTargetDependency */ = {
			isa = PBXTargetDependency;
			target = 34F04C7320B6A71400FA8600 /* ces */;
			targetProxy = 34F04C9420B6A71500FA8600 /* PBXContainerItemProxy */;
		};
/* End PBXTargetDependency section */

/* Begin PBXVariantGroup section */
		34F04C7B20B6A71400FA8600 /* Main.storyboard */ = {
			isa = PBXVariantGroup;
			children = (
				34F04C7C20B6A71400FA8600 /* Base */,
			);
			name = Main.storyboard;
			sourceTree = "<group>";
		};
		34F04C8020B6A71500FA8600 /* LaunchScreen.storyboard */ = {
			isa = PBXVariantGroup;
			children = (
				34F04C8120B6A71500FA8600 /* Base */,
			);
			name = LaunchScreen.storyboard;
			sourceTree = "<group>";
		};
/* End PBXVariantGroup section */

/* Begin XCBuildConfiguration section */
		34F04C9A20B6A71500FA8600 /* Debug */ = {
			isa = XCBuildConfiguration;
			buildSettings = {
				ALWAYS_SEARCH_USER_PATHS = NO;
				CLANG_ANALYZER_NONNULL = YES;
				CLANG_ANALYZER_NUMBER_OBJECT_CONVERSION = YES_AGGRESSIVE;
				CLANG_CXX_LANGUAGE_STANDARD = "gnu++14";
				CLANG_CXX_LIBRARY = "libc++";
				CLANG_ENABLE_MODULES = YES;
				CLANG_ENABLE_OBJC_ARC = YES;
				CLANG_ENABLE_OBJC_WEAK = YES;
				CLANG_WARN_BLOCK_CAPTURE_AUTORELEASING = YES;
				CLANG_WARN_BOOL_CONVERSION = YES;
				CLANG_WARN_COMMA = YES;
				CLANG_WARN_CONSTANT_CONVERSION = YES;
				CLANG_WARN_DEPRECATED_OBJC_IMPLEMENTATIONS = YES;
				CLANG_WARN_DIRECT_OBJC_ISA_USAGE = YES_ERROR;
				CLANG_WARN_DOCUMENTATION_COMMENTS = YES;
				CLANG_WARN_EMPTY_BODY = YES;
				CLANG_WARN_ENUM_CONVERSION = YES;
				CLANG_WARN_INFINITE_RECURSION = YES;
				CLANG_WARN_INT_CONVERSION = YES;
				CLANG_WARN_NON_LITERAL_NULL_CONVERSION = YES;
				CLANG_WARN_OBJC_IMPLICIT_RETAIN_SELF = YES;
				CLANG_WARN_OBJC_LITERAL_CONVERSION = YES;
				CLANG_WARN_OBJC_ROOT_CLASS = YES_ERROR;
				CLANG_WARN_RANGE_LOOP_ANALYSIS = YES;
				CLANG_WARN_STRICT_PROTOTYPES = YES;
				CLANG_WARN_SUSPICIOUS_MOVE = YES;
				CLANG_WARN_UNGUARDED_AVAILABILITY = YES_AGGRESSIVE;
				CLANG_WARN_UNREACHABLE_CODE = YES;
				CLANG_WARN__DUPLICATE_METHOD_MATCH = YES;
				CODE_SIGN_IDENTITY = "iPhone Developer";
				COPY_PHASE_STRIP = NO;
				DEBUG_INFORMATION_FORMAT = dwarf;
				ENABLE_STRICT_OBJC_MSGSEND = YES;
				ENABLE_TESTABILITY = YES;
				GCC_C_LANGUAGE_STANDARD = gnu11;
				GCC_DYNAMIC_NO_PIC = NO;
				GCC_NO_COMMON_BLOCKS = YES;
				GCC_OPTIMIZATION_LEVEL = 0;
				GCC_PREPROCESSOR_DEFINITIONS = (
					"DEBUG=1",
					"$(inherited)",
				);
				GCC_WARN_64_TO_32_BIT_CONVERSION = YES;
				GCC_WARN_ABOUT_RETURN_TYPE = YES_ERROR;
				GCC_WARN_UNDECLARED_SELECTOR = YES;
				GCC_WARN_UNINITIALIZED_AUTOS = YES_AGGRESSIVE;
				GCC_WARN_UNUSED_FUNCTION = YES;
				GCC_WARN_UNUSED_VARIABLE = YES;
				IPHONEOS_DEPLOYMENT_TARGET = 11.3;
				MTL_ENABLE_DEBUG_INFO = YES;
				ONLY_ACTIVE_ARCH = YES;
				SDKROOT = iphoneos;
				SWIFT_ACTIVE_COMPILATION_CONDITIONS = DEBUG;
				SWIFT_OPTIMIZATION_LEVEL = "-Onone";
			};
			name = Debug;
		};
		34F04C9B20B6A71500FA8600 /* Release */ = {
			isa = XCBuildConfiguration;
			buildSettings = {
				ALWAYS_SEARCH_USER_PATHS = NO;
				CLANG_ANALYZER_NONNULL = YES;
				CLANG_ANALYZER_NUMBER_OBJECT_CONVERSION = YES_AGGRESSIVE;
				CLANG_CXX_LANGUAGE_STANDARD = "gnu++14";
				CLANG_CXX_LIBRARY = "libc++";
				CLANG_ENABLE_MODULES = YES;
				CLANG_ENABLE_OBJC_ARC = YES;
				CLANG_ENABLE_OBJC_WEAK = YES;
				CLANG_WARN_BLOCK_CAPTURE_AUTORELEASING = YES;
				CLANG_WARN_BOOL_CONVERSION = YES;
				CLANG_WARN_COMMA = YES;
				CLANG_WARN_CONSTANT_CONVERSION = YES;
				CLANG_WARN_DEPRECATED_OBJC_IMPLEMENTATIONS = YES;
				CLANG_WARN_DIRECT_OBJC_ISA_USAGE = YES_ERROR;
				CLANG_WARN_DOCUMENTATION_COMMENTS = YES;
				CLANG_WARN_EMPTY_BODY = YES;
				CLANG_WARN_ENUM_CONVERSION = YES;
				CLANG_WARN_INFINITE_RECURSION = YES;
				CLANG_WARN_INT_CONVERSION = YES;
				CLANG_WARN_NON_LITERAL_NULL_CONVERSION = YES;
				CLANG_WARN_OBJC_IMPLICIT_RETAIN_SELF = YES;
				CLANG_WARN_OBJC_LITERAL_CONVERSION = YES;
				CLANG_WARN_OBJC_ROOT_CLASS = YES_ERROR;
				CLANG_WARN_RANGE_LOOP_ANALYSIS = YES;
				CLANG_WARN_STRICT_PROTOTYPES = YES;
				CLANG_WARN_SUSPICIOUS_MOVE = YES;
				CLANG_WARN_UNGUARDED_AVAILABILITY = YES_AGGRESSIVE;
				CLANG_WARN_UNREACHABLE_CODE = YES;
				CLANG_WARN__DUPLICATE_METHOD_MATCH = YES;
				CODE_SIGN_IDENTITY = "iPhone Developer";
				COPY_PHASE_STRIP = NO;
				DEBUG_INFORMATION_FORMAT = "dwarf-with-dsym";
				ENABLE_NS_ASSERTIONS = NO;
				ENABLE_STRICT_OBJC_MSGSEND = YES;
				GCC_C_LANGUAGE_STANDARD = gnu11;
				GCC_NO_COMMON_BLOCKS = YES;
				GCC_WARN_64_TO_32_BIT_CONVERSION = YES;
				GCC_WARN_ABOUT_RETURN_TYPE = YES_ERROR;
				GCC_WARN_UNDECLARED_SELECTOR = YES;
				GCC_WARN_UNINITIALIZED_AUTOS = YES_AGGRESSIVE;
				GCC_WARN_UNUSED_FUNCTION = YES;
				GCC_WARN_UNUSED_VARIABLE = YES;
				IPHONEOS_DEPLOYMENT_TARGET = 11.3;
				MTL_ENABLE_DEBUG_INFO = NO;
				SDKROOT = iphoneos;
				SWIFT_COMPILATION_MODE = wholemodule;
				SWIFT_OPTIMIZATION_LEVEL = "-O";
				VALIDATE_PRODUCT = YES;
			};
			name = Release;
		};
		34F04C9D20B6A71500FA8600 /* Debug */ = {
			isa = XCBuildConfiguration;
			buildSettings = {
				ASSETCATALOG_COMPILER_APPICON_NAME = AppIcon;
				CODE_SIGN_STYLE = Automatic;
				INFOPLIST_FILE = ces/Info.plist;
				LD_RUNPATH_SEARCH_PATHS = (
					"$(inherited)",
					"@executable_path/Frameworks",
				);
				PRODUCT_BUNDLE_IDENTIFIER = "-19251954.ces";
				PRODUCT_NAME = "$(TARGET_NAME)";
				SWIFT_VERSION = 4.0;
				TARGETED_DEVICE_FAMILY = "1,2";
			};
			name = Debug;
		};
		34F04C9E20B6A71500FA8600 /* Release */ = {
			isa = XCBuildConfiguration;
			buildSettings = {
				ASSETCATALOG_COMPILER_APPICON_NAME = AppIcon;
				CODE_SIGN_STYLE = Automatic;
				INFOPLIST_FILE = ces/Info.plist;
				LD_RUNPATH_SEARCH_PATHS = (
					"$(inherited)",
					"@executable_path/Frameworks",
				);
				PRODUCT_BUNDLE_IDENTIFIER = "-19251954.ces";
				PRODUCT_NAME = "$(TARGET_NAME)";
				SWIFT_VERSION = 4.0;
				TARGETED_DEVICE_FAMILY = "1,2";
			};
			name = Release;
		};
		34F04CA020B6A71500FA8600 /* Debug */ = {
			isa = XCBuildConfiguration;
			buildSettings = {
				ALWAYS_EMBED_SWIFT_STANDARD_LIBRARIES = YES;
				BUNDLE_LOADER = "$(TEST_HOST)";
				CODE_SIGN_STYLE = Automatic;
				INFOPLIST_FILE = cesTests/Info.plist;
				LD_RUNPATH_SEARCH_PATHS = (
					"$(inherited)",
					"@executable_path/Frameworks",
					"@loader_path/Frameworks",
				);
				PRODUCT_BUNDLE_IDENTIFIER = "-19251954.cesTests";
				PRODUCT_NAME = "$(TARGET_NAME)";
				SWIFT_VERSION = 4.0;
				TARGETED_DEVICE_FAMILY = "1,2";
				TEST_HOST = "$(BUILT_PRODUCTS_DIR)/ces.app/ces";
			};
			name = Debug;
		};
		34F04CA120B6A71500FA8600 /* Release */ = {
			isa = XCBuildConfiguration;
			buildSettings = {
				ALWAYS_EMBED_SWIFT_STANDARD_LIBRARIES = YES;
				BUNDLE_LOADER = "$(TEST_HOST)";
				CODE_SIGN_STYLE = Automatic;
				INFOPLIST_FILE = cesTests/Info.plist;
				LD_RUNPATH_SEARCH_PATHS = (
					"$(inherited)",
					"@executable_path/Frameworks",
					"@loader_path/Frameworks",
				);
				PRODUCT_BUNDLE_IDENTIFIER = "-19251954.cesTests";
				PRODUCT_NAME = "$(TARGET_NAME)";
				SWIFT_VERSION = 4.0;
				TARGETED_DEVICE_FAMILY = "1,2";
				TEST_HOST = "$(BUILT_PRODUCTS_DIR)/ces.app/ces";
			};
			name = Release;
		};
		34F04CA320B6A71500FA8600 /* Debug */ = {
			isa = XCBuildConfiguration;
			buildSettings = {
				ALWAYS_EMBED_SWIFT_STANDARD_LIBRARIES = YES;
				CODE_SIGN_STYLE = Automatic;
				INFOPLIST_FILE = cesUITests/Info.plist;
				LD_RUNPATH_SEARCH_PATHS = (
					"$(inherited)",
					"@executable_path/Frameworks",
					"@loader_path/Frameworks",
				);
				PRODUCT_BUNDLE_IDENTIFIER = "-19251954.cesUITests";
				PRODUCT_NAME = "$(TARGET_NAME)";
				SWIFT_VERSION = 4.0;
				TARGETED_DEVICE_FAMILY = "1,2";
				TEST_TARGET_NAME = ces;
			};
			name = Debug;
		};
		34F04CA420B6A71500FA8600 /* Release */ = {
			isa = XCBuildConfiguration;
			buildSettings = {
				ALWAYS_EMBED_SWIFT_STANDARD_LIBRARIES = YES;
				CODE_SIGN_STYLE = Automatic;
				INFOPLIST_FILE = cesUITests/Info.plist;
				LD_RUNPATH_SEARCH_PATHS = (
					"$(inherited)",
					"@executable_path/Frameworks",
					"@loader_path/Frameworks",
				);
				PRODUCT_BUNDLE_IDENTIFIER = "-19251954.cesUITests";
				PRODUCT_NAME = "$(TARGET_NAME)";
				SWIFT_VERSION = 4.0;
				TARGETED_DEVICE_FAMILY = "1,2";
				TEST_TARGET_NAME = ces;
			};
			name = Release;
		};
/* End XCBuildConfiguration section */

/* Begin XCConfigurationList section */
		34F04C6F20B6A71400FA8600 /* Build configuration list for PBXProject "ces" */ = {
			isa = XCConfigurationList;
			buildConfigurations = (
				34F04C9A20B6A71500FA8600 /* Debug */,
				34F04C9B20B6A71500FA8600 /* Release */,
			);
			defaultConfigurationIsVisible = 0;
			defaultConfigurationName = Release;
		};
		34F04C9C20B6A71500FA8600 /* Build configuration list for PBXNativeTarget "ces" */ = {
			isa = XCConfigurationList;
			buildConfigurations = (
				34F04C9D20B6A71500FA8600 /* Debug */,
				34F04C9E20B6A71500FA8600 /* Release */,
			);
			defaultConfigurationIsVisible = 0;
			defaultConfigurationName = Release;
		};
		34F04C9F20B6A71500FA8600 /* Build configuration list for PBXNativeTarget "cesTests" */ = {
			isa = XCConfigurationList;
			buildConfigurations = (
				34F04CA020B6A71500FA8600 /* Debug */,
				34F04CA120B6A71500FA8600 /* Release */,
			);
			defaultConfigurationIsVisible = 0;
			defaultConfigurationName = Release;
		};
		34F04CA220B6A71500FA8600 /* Build configuration list for PBXNativeTarget "cesUITests" */ = {
			isa = XCConfigurationList;
			buildConfigurations = (
				34F04CA320B6A71500FA8600 /* Debug */,
				34F04CA420B6A71500FA8600 /* Release */,
			);
			defaultConfigurationIsVisible = 0;
			defaultConfigurationName = Release;
		};
/* End XCConfigurationList section */
	};
	rootObject = 34F04C6C20B6A71400FA8600 /* Project object */;
}
